// !$*UTF8*$!
{
	archiveVersion = 1;
	classes = {
	};
	objectVersion = 56;
	objects = {

/* Begin PBXBuildFile section */
		5728D3572BF60CDB007C1530 /* AppDelegate.swift in Sources */ = {isa = PBXBuildFile; fileRef = 5728D3562BF60CDB007C1530 /* AppDelegate.swift */; };
		5728D3592BF60CDB007C1530 /* SceneDelegate.swift in Sources */ = {isa = PBXBuildFile; fileRef = 5728D3582BF60CDB007C1530 /* SceneDelegate.swift */; };
		5728D35B2BF60CDB007C1530 /* ViewController.swift in Sources */ = {isa = PBXBuildFile; fileRef = 5728D35A2BF60CDB007C1530 /* ViewController.swift */; };
		5728D35E2BF60CDB007C1530 /* Base in Resources */ = {isa = PBXBuildFile; fileRef = 5728D35D2BF60CDB007C1530 /* Base */; };
		5728D3602BF60CDE007C1530 /* Assets.xcassets in Resources */ = {isa = PBXBuildFile; fileRef = 5728D35F2BF60CDE007C1530 /* Assets.xcassets */; };
		5728D3632BF60CDE007C1530 /* Base in Resources */ = {isa = PBXBuildFile; fileRef = 5728D3622BF60CDE007C1530 /* Base */; };
/* End PBXBuildFile section */

/* Begin PBXFileReference section */
		5728D3532BF60CDB007C1530 /* TakePhotoFromCamera&Library.app */ = {isa = PBXFileReference; explicitFileType = wrapper.application; includeInIndex = 0; path = "TakePhotoFromCamera&Library.app"; sourceTree = BUILT_PRODUCTS_DIR; };
		5728D3562BF60CDB007C1530 /* AppDelegate.swift */ = {isa = PBXFileReference; lastKnownFileType = sourcecode.swift; path = AppDelegate.swift; sourceTree = "<group>"; };
		5728D3582BF60CDB007C1530 /* SceneDelegate.swift */ = {isa = PBXFileReference; lastKnownFileType = sourcecode.swift; path = SceneDelegate.swift; sourceTree = "<group>"; };
		5728D35A2BF60CDB007C1530 /* ViewController.swift */ = {isa = PBXFileReference; lastKnownFileType = sourcecode.swift; path = ViewController.swift; sourceTree = "<group>"; };
		5728D35D2BF60CDB007C1530 /* Base */ = {isa = PBXFileReference; lastKnownFileType = file.storyboard; name = Base; path = Base.lproj/Main.storyboard; sourceTree = "<group>"; };
		5728D35F2BF60CDE007C1530 /* Assets.xcassets */ = {isa = PBXFileReference; lastKnownFileType = folder.assetcatalog; path = Assets.xcassets; sourceTree = "<group>"; };
		5728D3622BF60CDE007C1530 /* Base */ = {isa = PBXFileReference; lastKnownFileType = file.storyboard; name = Base; path = Base.lproj/LaunchScreen.storyboard; sourceTree = "<group>"; };
		5728D3642BF60CDE007C1530 /* Info.plist */ = {isa = PBXFileReference; lastKnownFileType = text.plist.xml; path = Info.plist; sourceTree = "<group>"; };
/* End PBXFileReference section */

/* Begin PBXFrameworksBuildPhase section */
		5728D3502BF60CDB007C1530 /* Frameworks */ = {
			isa = PBXFrameworksBuildPhase;
			buildActionMask = 2147483647;
			files = (
			);
			runOnlyForDeploymentPostprocessing = 0;
		};
/* End PBXFrameworksBuildPhase section */

/* Begin PBXGroup section */
		5728D34A2BF60CDB007C1530 = {
			isa = PBXGroup;
			children = (
				5728D3552BF60CDB007C1530 /* TakePhotoFromCamera&Library */,
				5728D3542BF60CDB007C1530 /* Products */,
			);
			sourceTree = "<group>";
		};
		5728D3542BF60CDB007C1530 /* Products */ = {
			isa = PBXGroup;
			children = (
				5728D3532BF60CDB007C1530 /* TakePhotoFromCamera&Library.app */,
			);
			name = Products;
			sourceTree = "<group>";
		};
		5728D3552BF60CDB007C1530 /* TakePhotoFromCamera&Library */ = {
			isa = PBXGroup;
			children = (
				5728D3562BF60CDB007C1530 /* AppDelegate.swift */,
				5728D3582BF60CDB007C1530 /* SceneDelegate.swift */,
				5728D35A2BF60CDB007C1530 /* ViewController.swift */,
				5728D35C2BF60CDB007C1530 /* Main.storyboard */,
				5728D35F2BF60CDE007C1530 /* Assets.xcassets */,
				5728D3612BF60CDE007C1530 /* LaunchScreen.storyboard */,
				5728D3642BF60CDE007C1530 /* Info.plist */,
			);
			path = "TakePhotoFromCamera&Library";
			sourceTree = "<group>";
		};
/* End PBXGroup section */

/* Begin PBXNativeTarget section */
		5728D3522BF60CDB007C1530 /* TakePhotoFromCamera&Library */ = {
			isa = PBXNativeTarget;
			buildConfigurationList = 5728D3672BF60CDE007C1530 /* Build configuration list for PBXNativeTarget "TakePhotoFromCamera&Library" */;
			buildPhases = (
				5728D34F2BF60CDB007C1530 /* Sources */,
				5728D3502BF60CDB007C1530 /* Frameworks */,
				5728D3512BF60CDB007C1530 /* Resources */,
			);
			buildRules = (
			);
			dependencies = (
			);
			name = "TakePhotoFromCamera&Library";
			productName = "TakePhotoFromCamera&Library";
			productReference = 5728D3532BF60CDB007C1530 /* TakePhotoFromCamera&Library.app */;
			productType = "com.apple.product-type.application";
		};
/* End PBXNativeTarget section */

/* Begin PBXProject section */
		5728D34B2BF60CDB007C1530 /* Project object */ = {
			isa = PBXProject;
			attributes = {
				BuildIndependentTargetsInParallel = 1;
				LastSwiftUpdateCheck = 1530;
				LastUpgradeCheck = 1530;
				TargetAttributes = {
					5728D3522BF60CDB007C1530 = {
						CreatedOnToolsVersion = 15.3;
					};
				};
			};
			buildConfigurationList = 5728D34E2BF60CDB007C1530 /* Build configuration list for PBXProject "TakePhotoFromCamera&Library" */;
			compatibilityVersion = "Xcode 14.0";
			developmentRegion = en;
			hasScannedForEncodings = 0;
			knownRegions = (
				en,
				Base,
			);
			mainGroup = 5728D34A2BF60CDB007C1530;
			productRefGroup = 5728D3542BF60CDB007C1530 /* Products */;
			projectDirPath = "";
			projectRoot = "";
			targets = (
				5728D3522BF60CDB007C1530 /* TakePhotoFromCamera&Library */,
			);
		};
/* End PBXProject section */

/* Begin PBXResourcesBuildPhase section */
		5728D3512BF60CDB007C1530 /* Resources */ = {
			isa = PBXResourcesBuildPhase;
			buildActionMask = 2147483647;
			files = (
				5728D3602BF60CDE007C1530 /* Assets.xcassets in Resources */,
				5728D3632BF60CDE007C1530 /* Base in Resources */,
				5728D35E2BF60CDB007C1530 /* Base in Resources */,
			);
			runOnlyForDeploymentPostprocessing = 0;
		};
/* End PBXResourcesBuildPhase section */

/* Begin PBXSourcesBuildPhase section */
		5728D34F2BF60CDB007C1530 /* Sources */ = {
			isa = PBXSourcesBuildPhase;
			buildActionMask = 2147483647;
			files = (
				5728D35B2BF60CDB007C1530 /* ViewController.swift in Sources */,
				5728D3572BF60CDB007C1530 /* AppDelegate.swift in Sources */,
				5728D3592BF60CDB007C1530 /* SceneDelegate.swift in Sources */,
			);
			runOnlyForDeploymentPostprocessing = 0;
		};
/* End PBXSourcesBuildPhase section */

/* Begin PBXVariantGroup section */
		5728D35C2BF60CDB007C1530 /* Main.storyboard */ = {
			isa = PBXVariantGroup;
			children = (
				5728D35D2BF60CDB007C1530 /* Base */,
			);
			name = Main.storyboard;
			sourceTree = "<group>";
		};
		5728D3612BF60CDE007C1530 /* LaunchScreen.storyboard */ = {
			isa = PBXVariantGroup;
			children = (
				5728D3622BF60CDE007C1530 /* Base */,
			);
			name = LaunchScreen.storyboard;
			sourceTree = "<group>";
		};
/* End PBXVariantGroup section */

/* Begin XCBuildConfiguration section */
		5728D3652BF60CDE007C1530 /* Debug */ = {
			isa = XCBuildConfiguration;
			buildSettings = {
				ALWAYS_SEARCH_USER_PATHS = NO;
				ASSETCATALOG_COMPILER_GENERATE_SWIFT_ASSET_SYMBOL_EXTENSIONS = YES;
				CLANG_ANALYZER_NONNULL = YES;
				CLANG_ANALYZER_NUMBER_OBJECT_CONVERSION = YES_AGGRESSIVE;
				CLANG_CXX_LANGUAGE_STANDARD = "gnu++20";
				CLANG_ENABLE_MODULES = YES;
				CLANG_ENABLE_OBJC_ARC = YES;
				CLANG_ENABLE_OBJC_WEAK = YES;
				CLANG_WARN_BLOCK_CAPTURE_AUTORELEASING = YES;
				CLANG_WARN_BOOL_CONVERSION = YES;
				CLANG_WARN_COMMA = YES;
				CLANG_WARN_CONSTANT_CONVERSION = YES;
				CLANG_WARN_DEPRECATED_OBJC_IMPLEMENTATIONS = YES;
				CLANG_WARN_DIRECT_OBJC_ISA_USAGE = YES_ERROR;
				CLANG_WARN_DOCUMENTATION_COMMENTS = YES;
				CLANG_WARN_EMPTY_BODY = YES;
				CLANG_WARN_ENUM_CONVERSION = YES;
				CLANG_WARN_INFINITE_RECURSION = YES;
				CLANG_WARN_INT_CONVERSION = YES;
				CLANG_WARN_NON_LITERAL_NULL_CONVERSION = YES;
				CLANG_WARN_OBJC_IMPLICIT_RETAIN_SELF = YES;
				CLANG_WARN_OBJC_LITERAL_CONVERSION = YES;
				CLANG_WARN_OBJC_ROOT_CLASS = YES_ERROR;
				CLANG_WARN_QUOTED_INCLUDE_IN_FRAMEWORK_HEADER = YES;
				CLANG_WARN_RANGE_LOOP_ANALYSIS = YES;
				CLANG_WARN_STRICT_PROTOTYPES = YES;
				CLANG_WARN_SUSPICIOUS_MOVE = YES;
				CLANG_WARN_UNGUARDED_AVAILABILITY = YES_AGGRESSIVE;
				CLANG_WARN_UNREACHABLE_CODE = YES;
				CLANG_WARN__DUPLICATE_METHOD_MATCH = YES;
				COPY_PHASE_STRIP = NO;
				DEBUG_INFORMATION_FORMAT = dwarf;
				ENABLE_STRICT_OBJC_MSGSEND = YES;
				ENABLE_TESTABILITY = YES;
				ENABLE_USER_SCRIPT_SANDBOXING = YES;
				GCC_C_LANGUAGE_STANDARD = gnu17;
				GCC_DYNAMIC_NO_PIC = NO;
				GCC_NO_COMMON_BLOCKS = YES;
				GCC_OPTIMIZATION_LEVEL = 0;
				GCC_PREPROCESSOR_DEFINITIONS = (
					"DEBUG=1",
					"$(inherited)",
				);
				GCC_WARN_64_TO_32_BIT_CONVERSION = YES;
				GCC_WARN_ABOUT_RETURN_TYPE = YES_ERROR;
				GCC_WARN_UNDECLARED_SELECTOR = YES;
				GCC_WARN_UNINITIALIZED_AUTOS = YES_AGGRESSIVE;
				GCC_WARN_UNUSED_FUNCTION = YES;
				GCC_WARN_UNUSED_VARIABLE = YES;
				IPHONEOS_DEPLOYMENT_TARGET = 17.4;
				LOCALIZATION_PREFERS_STRING_CATALOGS = YES;
				MTL_ENABLE_DEBUG_INFO = INCLUDE_SOURCE;
				MTL_FAST_MATH = YES;
				ONLY_ACTIVE_ARCH = YES;
				SDKROOT = iphoneos;
				SWIFT_ACTIVE_COMPILATION_CONDITIONS = "DEBUG $(inherited)";
				SWIFT_OPTIMIZATION_LEVEL = "-Onone";
			};
			name = Debug;
		};
		5728D3662BF60CDE007C1530 /* Release */ = {
			isa = XCBuildConfiguration;
			buildSettings = {
				ALWAYS_SEARCH_USER_PATHS = NO;
				ASSETCATALOG_COMPILER_GENERATE_SWIFT_ASSET_SYMBOL_EXTENSIONS = YES;
				CLANG_ANALYZER_NONNULL = YES;
				CLANG_ANALYZER_NUMBER_OBJECT_CONVERSION = YES_AGGRESSIVE;
				CLANG_CXX_LANGUAGE_STANDARD = "gnu++20";
				CLANG_ENABLE_MODULES = YES;
				CLANG_ENABLE_OBJC_ARC = YES;
				CLANG_ENABLE_OBJC_WEAK = YES;
				CLANG_WARN_BLOCK_CAPTURE_AUTORELEASING = YES;
				CLANG_WARN_BOOL_CONVERSION = YES;
				CLANG_WARN_COMMA = YES;
				CLANG_WARN_CONSTANT_CONVERSION = YES;
				CLANG_WARN_DEPRECATED_OBJC_IMPLEMENTATIONS = YES;
				CLANG_WARN_DIRECT_OBJC_ISA_USAGE = YES_ERROR;
				CLANG_WARN_DOCUMENTATION_COMMENTS = YES;
				CLANG_WARN_EMPTY_BODY = YES;
				CLANG_WARN_ENUM_CONVERSION = YES;
				CLANG_WARN_INFINITE_RECURSION = YES;
				CLANG_WARN_INT_CONVERSION = YES;
				CLANG_WARN_NON_LITERAL_NULL_CONVERSION = YES;
				CLANG_WARN_OBJC_IMPLICIT_RETAIN_SELF = YES;
				CLANG_WARN_OBJC_LITERAL_CONVERSION = YES;
				CLANG_WARN_OBJC_ROOT_CLASS = YES_ERROR;
				CLANG_WARN_QUOTED_INCLUDE_IN_FRAMEWORK_HEADER = YES;
				CLANG_WARN_RANGE_LOOP_ANALYSIS = YES;
				CLANG_WARN_STRICT_PROTOTYPES = YES;
				CLANG_WARN_SUSPICIOUS_MOVE = YES;
				CLANG_WARN_UNGUARDED_AVAILABILITY = YES_AGGRESSIVE;
				CLANG_WARN_UNREACHABLE_CODE = YES;
				CLANG_WARN__DUPLICATE_METHOD_MATCH = YES;
				COPY_PHASE_STRIP = NO;
				DEBUG_INFORMATION_FORMAT = "dwarf-with-dsym";
				ENABLE_NS_ASSERTIONS = NO;
				ENABLE_STRICT_OBJC_MSGSEND = YES;
				ENABLE_USER_SCRIPT_SANDBOXING = YES;
				GCC_C_LANGUAGE_STANDARD = gnu17;
				GCC_NO_COMMON_BLOCKS = YES;
				GCC_WARN_64_TO_32_BIT_CONVERSION = YES;
				GCC_WARN_ABOUT_RETURN_TYPE = YES_ERROR;
				GCC_WARN_UNDECLARED_SELECTOR = YES;
				GCC_WARN_UNINITIALIZED_AUTOS = YES_AGGRESSIVE;
				GCC_WARN_UNUSED_FUNCTION = YES;
				GCC_WARN_UNUSED_VARIABLE = YES;
				IPHONEOS_DEPLOYMENT_TARGET = 17.4;
				LOCALIZATION_PREFERS_STRING_CATALOGS = YES;
				MTL_ENABLE_DEBUG_INFO = NO;
				MTL_FAST_MATH = YES;
				SDKROOT = iphoneos;
				SWIFT_COMPILATION_MODE = wholemodule;
				VALIDATE_PRODUCT = YES;
			};
			name = Release;
		};
		5728D3682BF60CDE007C1530 /* Debug */ = {
			isa = XCBuildConfiguration;
			buildSettings = {
				ASSETCATALOG_COMPILER_APPICON_NAME = AppIcon;
				ASSETCATALOG_COMPILER_GLOBAL_ACCENT_COLOR_NAME = AccentColor;
				CODE_SIGN_STYLE = Automatic;
				CURRENT_PROJECT_VERSION = 1;
				DEVELOPMENT_TEAM = 5FZ8ZXZS35;
				GENERATE_INFOPLIST_FILE = YES;
				INFOPLIST_FILE = "TakePhotoFromCamera&Library/Info.plist";
				INFOPLIST_KEY_UIApplicationSupportsIndirectInputEvents = YES;
				INFOPLIST_KEY_UILaunchStoryboardName = LaunchScreen;
				INFOPLIST_KEY_UIMainStoryboardFile = Main;
				INFOPLIST_KEY_UISupportedInterfaceOrientations = UIInterfaceOrientationPortrait;
				LD_RUNPATH_SEARCH_PATHS = (
					"$(inherited)",
					"@executable_path/Frameworks",
				);
				MARKETING_VERSION = 1.0;
				PRODUCT_BUNDLE_IDENTIFIER = "TLiLiOS.HAMDI.TakePhotoFromCamera-Library";
				PRODUCT_NAME = "$(TARGET_NAME)";
				SWIFT_EMIT_LOC_STRINGS = YES;
				SWIFT_VERSION = 5.0;
				TARGETED_DEVICE_FAMILY = "1,2";
			};
			name = Debug;
		};
		5728D3692BF60CDE007C1530 /* Release */ = {
			isa = XCBuildConfiguration;
			buildSettings = {
				ASSETCATALOG_COMPILER_APPICON_NAME = AppIcon;
				ASSETCATALOG_COMPILER_GLOBAL_ACCENT_COLOR_NAME = AccentColor;
				CODE_SIGN_STYLE = Automatic;
				CURRENT_PROJECT_VERSION = 1;
				DEVELOPMENT_TEAM = 5FZ8ZXZS35;
				GENERATE_INFOPLIST_FILE = YES;
				INFOPLIST_FILE = "TakePhotoFromCamera&Library/Info.plist";
				INFOPLIST_KEY_UIApplicationSupportsIndirectInputEvents = YES;
				INFOPLIST_KEY_UILaunchStoryboardName = LaunchScreen;
				INFOPLIST_KEY_UIMainStoryboardFile = Main;
				INFOPLIST_KEY_UISupportedInterfaceOrientations = UIInterfaceOrientationPortrait;
				LD_RUNPATH_SEARCH_PATHS = (
					"$(inherited)",
					"@executable_path/Frameworks",
				);
				MARKETING_VERSION = 1.0;
				PRODUCT_BUNDLE_IDENTIFIER = "TLiLiOS.HAMDI.TakePhotoFromCamera-Library";
				PRODUCT_NAME = "$(TARGET_NAME)";
				SWIFT_EMIT_LOC_STRINGS = YES;
				SWIFT_VERSION = 5.0;
				TARGETED_DEVICE_FAMILY = "1,2";
			};
			name = Release;
		};
/* End XCBuildConfiguration section */

/* Begin XCConfigurationList section */
		5728D34E2BF60CDB007C1530 /* Build configuration list for PBXProject "TakePhotoFromCamera&Library" */ = {
			isa = XCConfigurationList;
			buildConfigurations = (
				5728D3652BF60CDE007C1530 /* Debug */,
				5728D3662BF60CDE007C1530 /* Release */,
			);
			defaultConfigurationIsVisible = 0;
			defaultConfigurationName = Release;
		};
		5728D3672BF60CDE007C1530 /* Build configuration list for PBXNativeTarget "TakePhotoFromCamera&Library" */ = {
			isa = XCConfigurationList;
			buildConfigurations = (
				5728D3682BF60CDE007C1530 /* Debug */,
				5728D3692BF60CDE007C1530 /* Release */,
			);
			defaultConfigurationIsVisible = 0;
			defaultConfigurationName = Release;
		};
/* End XCConfigurationList section */
	};
	rootObject = 5728D34B2BF60CDB007C1530 /* Project object */;
}
